{
  "requires": true,
  "lockfileVersion": 1,
  "dependencies": {
    "d3-array": {
      "version": "1.2.4",
      "resolved": "https://registry.npmjs.org/d3-array/-/d3-array-1.2.4.tgz",
      "integrity": "sha512-KHW6M86R+FUPYGb3R5XiYjXPq7VzwxZ22buHhAEVG5ztoEcZZMLov530mmccaqA1GghZArjQV46fuc8kUqhhHw=="
    },
    "d3-collection": {
      "version": "1.0.7",
      "resolved": "https://registry.npmjs.org/d3-collection/-/d3-collection-1.0.7.tgz",
      "integrity": "sha512-ii0/r5f4sjKNTfh84Di+DpztYwqKhEyUlKoPrzUFfeSkWxjW49xU2QzO9qrPrNkpdI0XJkfzvmTu8V2Zylln6A=="
    },
    "d3-color": {
      "version": "1.4.0",
      "resolved": "https://registry.npmjs.org/d3-color/-/d3-color-1.4.0.tgz",
      "integrity": "sha512-TzNPeJy2+iEepfiL92LAAB7fvnp/dV2YwANPVHdDWmYMm23qIJBYww3qT8I8C1wXrmrg4UWs7BKc2tKIgyjzHg=="
    },
    "d3-ease": {
      "version": "1.0.5",
      "resolved": "https://registry.npmjs.org/d3-ease/-/d3-ease-1.0.5.tgz",
      "integrity": "sha512-Ct1O//ly5y5lFM9YTdu+ygq7LleSgSE4oj7vUt9tPLHUi8VCV7QoizGpdWRWAwCO9LdYzIrQDg97+hGVdsSGPQ=="
    },
    "d3-format": {
      "version": "1.4.1",
      "resolved": "https://registry.npmjs.org/d3-format/-/d3-format-1.4.1.tgz",
      "integrity": "sha512-TUswGe6hfguUX1CtKxyG2nymO+1lyThbkS1ifLX0Sr+dOQtAD5gkrffpHnx+yHNKUZ0Bmg5T4AjUQwugPDrm0g=="
    },
    "d3-interpolate": {
      "version": "1.3.2",
      "resolved": "https://registry.npmjs.org/d3-interpolate/-/d3-interpolate-1.3.2.tgz",
      "integrity": "sha512-NlNKGopqaz9qM1PXh9gBF1KSCVh+jSFErrSlD/4hybwoNX/gt1d8CDbDW+3i+5UOHhjC6s6nMvRxcuoMVNgL2w==",
      "requires": {
        "d3-color": "1"
      }
    },
    "d3-path": {
      "version": "1.0.8",
      "resolved": "https://registry.npmjs.org/d3-path/-/d3-path-1.0.8.tgz",
      "integrity": "sha512-J6EfUNwcMQ+aM5YPOB8ZbgAZu6wc82f/0WFxrxwV6Ll8wBwLaHLKCqQ5Imub02JriCVVdPjgI+6P3a4EWJCxAg=="
    },
    "d3-scale": {
      "version": "1.0.7",
      "resolved": "https://registry.npmjs.org/d3-scale/-/d3-scale-1.0.7.tgz",
      "integrity": "sha512-KvU92czp2/qse5tUfGms6Kjig0AhHOwkzXG0+PqIJB3ke0WUv088AHMZI0OssO9NCkXt4RP8yju9rpH8aGB7Lw==",
      "requires": {
        "d3-array": "^1.2.0",
        "d3-collection": "1",
        "d3-color": "1",
        "d3-format": "1",
        "d3-interpolate": "1",
        "d3-time": "1",
        "d3-time-format": "2"
      }
    },
    "d3-shape": {
      "version": "1.3.5",
      "resolved": "https://registry.npmjs.org/d3-shape/-/d3-shape-1.3.5.tgz",
      "integrity": "sha512-VKazVR3phgD+MUCldapHD7P9kcrvPcexeX/PkMJmkUov4JM8IxsSg1DvbYoYich9AtdTsa5nNk2++ImPiDiSxg==",
      "requires": {
        "d3-path": "1"
      }
    },
    "d3-time": {
      "version": "1.1.0",
      "resolved": "https://registry.npmjs.org/d3-time/-/d3-time-1.1.0.tgz",
      "integrity": "sha512-Xh0isrZ5rPYYdqhAVk8VLnMEidhz5aP7htAADH6MfzgmmicPkTo8LhkLxci61/lCB7n7UmE3bN0leRt+qvkLxA=="
    },
    "d3-time-format": {
      "version": "2.1.3",
      "resolved": "https://registry.npmjs.org/d3-time-format/-/d3-time-format-2.1.3.tgz",
      "integrity": "sha512-6k0a2rZryzGm5Ihx+aFMuO1GgelgIz+7HhB4PH4OEndD5q2zGn1mDfRdNrulspOfR6JXkb2sThhDK41CSK85QA==",
      "requires": {
        "d3-time": "1"
      }
    },
    "d3-timer": {
      "version": "1.0.9",
      "resolved": "https://registry.npmjs.org/d3-timer/-/d3-timer-1.0.9.tgz",
      "integrity": "sha512-rT34J5HnQUHhcLvhSB9GjCkN0Ddd5Y8nCwDBG2u6wQEeYxT/Lf51fTFFkldeib/sE/J0clIe0pnCfs6g/lRbyg=="
    },
    "d3-voronoi": {
      "version": "1.1.4",
      "resolved": "https://registry.npmjs.org/d3-voronoi/-/d3-voronoi-1.1.4.tgz",
      "integrity": "sha512-dArJ32hchFsrQ8uMiTBLq256MpnZjeuBtdHpaDlYuQyjU0CVzCJl/BVW+SkszaAeH95D/8gxqAhgx0ouAWAfRg=="
    },
    "delaunator": {
      "version": "4.0.1",
      "resolved": "https://registry.npmjs.org/delaunator/-/delaunator-4.0.1.tgz",
      "integrity": "sha512-WNPWi1IRKZfCt/qIDMfERkDp93+iZEmOxN2yy4Jg+Xhv8SLk2UTqqbe1sfiipn0and9QrE914/ihdx82Y/Giag=="
    },
    "delaunay-find": {
      "version": "0.0.4",
      "resolved": "https://registry.npmjs.org/delaunay-find/-/delaunay-find-0.0.4.tgz",
      "integrity": "sha512-Dlez+Pc4Q33Y2mKe/h+p4NmQ6+W6kT6tXL+1dQfuVvp1mEDKTXRjbr6HcW5ftDKyVEY08MCCdqbR0Y6dnYYEPA==",
      "requires": {
        "delaunator": "^4.0.0"
      }
    },
    "js-tokens": {
      "version": "4.0.0",
      "resolved": "https://registry.npmjs.org/js-tokens/-/js-tokens-4.0.0.tgz",
      "integrity": "sha512-RdJUflcE3cUzKiMqQgsCu06FPu9UdIJO0beYbPhHN4k6apgJtifcoCtT9bcxOpYBtpD2kCM6Sbzg4CausW/PKQ=="
    },
    "lodash": {
      "version": "4.17.15",
      "resolved": "https://registry.npmjs.org/lodash/-/lodash-4.17.15.tgz",
      "integrity": "sha512-8xOcRHvCjnocdS5cpwXQXVzmmh5e5+saE2QGoeQmbKmRS6J3VQppPOIt0MnmE+4xlZoumy0GPG0D0MVIQbNA1A=="
    },
    "loose-envify": {
      "version": "1.4.0",
      "resolved": "https://registry.npmjs.org/loose-envify/-/loose-envify-1.4.0.tgz",
      "integrity": "sha512-lyuxPGr/Wfhrlem2CL/UcnUc1zcqKAImBDzukY7Y5F/yQiNdko6+fRLevlw1HgMySw7f611UIY408EtxRSoK3Q==",
      "requires": {
        "js-tokens": "^3.0.0 || ^4.0.0"
      }
    },
    "object-assign": {
      "version": "4.1.1",
      "resolved": "https://registry.npmjs.org/object-assign/-/object-assign-4.1.1.tgz",
      "integrity": "sha1-IQmtx5ZYh8/AXLvUQsrIv7s2CGM="
    },
    "prop-types": {
      "version": "15.7.2",
      "resolved": "https://registry.npmjs.org/prop-types/-/prop-types-15.7.2.tgz",
      "integrity": "sha512-8QQikdH7//R2vurIJSutZ1smHYTcLpRWEOlHnzcWHmBYrOGUysKwSsrC89BCiFj3CbrfJ/nXFdJepOVrY1GCHQ==",
      "requires": {
        "loose-envify": "^1.4.0",
        "object-assign": "^4.1.1",
        "react-is": "^16.8.1"
      }
    },
    "react-fast-compare": {
      "version": "2.0.4",
      "resolved": "https://registry.npmjs.org/react-fast-compare/-/react-fast-compare-2.0.4.tgz",
      "integrity": "sha512-suNP+J1VU1MWFKcyt7RtjiSWUjvidmQSlqu+eHslq+342xCbGTYmC0mEhPCOHxlW0CywylOC1u2DFAT+bv4dBw=="
    },
    "react-is": {
      "version": "16.10.2",
      "resolved": "https://registry.npmjs.org/react-is/-/react-is-16.10.2.tgz",
      "integrity": "sha512-INBT1QEgtcCCgvccr5/86CfD71fw9EPmDxgiJX4I2Ddr6ZsV6iFXsuby+qWJPtmNuMY0zByTsG4468P7nHuNWA=="
    },
    "victory": {
      "version": "33.1.1",
      "resolved": "https://registry.npmjs.org/victory/-/victory-33.1.1.tgz",
      "integrity": "sha512-V/jBG4s3ZZBgqc1D9OKXRptKlpLZroPoJ+0hIq5RvAIqYndqpy2g9xdYQOKtvL62C8LavbgDpd0iKR7ejI/I/g==",
      "requires": {
        "victory-area": "^33.1.0",
        "victory-axis": "^33.1.0",
        "victory-bar": "^33.1.0",
        "victory-box-plot": "^33.1.0",
        "victory-brush-container": "^33.1.0",
        "victory-brush-line": "^33.1.0",
        "victory-candlestick": "^33.1.0",
        "victory-chart": "^33.1.0",
        "victory-core": "^33.1.0",
        "victory-create-container": "^33.1.1",
        "victory-cursor-container": "^33.1.0",
        "victory-errorbar": "^33.1.0",
        "victory-group": "^33.1.0",
        "victory-legend": "^33.1.0",
        "victory-line": "^33.1.0",
        "victory-pie": "^33.1.0",
        "victory-polar-axis": "^33.1.0",
        "victory-scatter": "^33.1.0",
        "victory-selection-container": "^33.1.0",
        "victory-shared-events": "^33.1.0",
        "victory-stack": "^33.1.0",
        "victory-tooltip": "^33.1.0",
        "victory-voronoi": "^33.1.0",
        "victory-voronoi-container": "^33.1.1",
        "victory-zoom-container": "^33.1.0"
      }
    },
    "victory-area": {
      "version": "33.1.0",
      "resolved": "https://registry.npmjs.org/victory-area/-/victory-area-33.1.0.tgz",
      "integrity": "sha512-l4wKcO5RvWbBWqR8Xj9AjtfjfSAVBc7VmEthqUZBeYi3cpDHXRp2vN+HjiYmcXR/cKtmuZBJD3FFobstdoKfFw==",
      "requires": {
        "d3-shape": "^1.2.0",
        "lodash": "^4.17.15",
        "prop-types": "^15.5.8",
        "victory-core": "^33.1.0"
      }
    },
    "victory-axis": {
      "version": "33.1.0",
      "resolved": "https://registry.npmjs.org/victory-axis/-/victory-axis-33.1.0.tgz",
      "integrity": "sha512-V46wBQitoOgYQQzM4BKOfNhTXoSmPPdLSqY4Zv5FK1dQnGR6AeMPHeVIiHb1G0NbavfLLenXzBBlOkBS9HJzQA==",
      "requires": {
        "lodash": "^4.17.15",
        "prop-types": "^15.5.8",
        "victory-core": "^33.1.0"
      }
    },
    "victory-bar": {
      "version": "33.1.0",
      "resolved": "https://registry.npmjs.org/victory-bar/-/victory-bar-33.1.0.tgz",
      "integrity": "sha512-8cSthTsg/v/6CCB5AgG7pMRtO7+q3u195jGsmm0uM2/4vUDFzDdiF19orPiFooDSvBvVdNeIBssz/Z8kEyXR4A==",
      "requires": {
        "d3-shape": "^1.2.0",
        "lodash": "^4.17.15",
        "prop-types": "^15.5.8",
        "victory-core": "^33.1.0"
      }
    },
    "victory-box-plot": {
      "version": "33.1.0",
      "resolved": "https://registry.npmjs.org/victory-box-plot/-/victory-box-plot-33.1.0.tgz",
      "integrity": "sha512-p1TIc5YaUXDc1aJPZJq/ExHRkLazh5VH7HpA0ImnoqVriPKg4FES1XqqNxV/TsXzItAPXj+WXStOrjMBbBxGLw==",
      "requires": {
        "d3-array": "^1.2.0",
        "lodash": "^4.17.15",
        "prop-types": "^15.5.8",
        "victory-core": "^33.1.0"
      }
    },
    "victory-brush-container": {
      "version": "33.1.0",
      "resolved": "https://registry.npmjs.org/victory-brush-container/-/victory-brush-container-33.1.0.tgz",
      "integrity": "sha512-ud7iPqCIrKOSn4wffve6I2dTj+OovdWFDgeBNgNtw0jc/mErrsd4vSXNHKzD2lPhjcTwNImtop5e1aWA9Liwdw==",
      "requires": {
        "lodash": "^4.17.15",
        "prop-types": "^15.5.8",
        "victory-core": "^33.1.0"
      }
    },
    "victory-brush-line": {
      "version": "33.1.0",
      "resolved": "https://registry.npmjs.org/victory-brush-line/-/victory-brush-line-33.1.0.tgz",
      "integrity": "sha512-ZQaaPL3eJ+YCa4c+3Is1AXJBiuhNt+dSGB/wCDRtwFTmDp4Ce5eLGSyvyuj0QYb5wxvfGChs1pnG1TfDinUNaw==",
      "requires": {
        "lodash": "^4.17.15",
        "prop-types": "^15.5.8",
        "victory-core": "^33.1.0"
      }
    },
    "victory-candlestick": {
      "version": "33.1.0",
      "resolved": "https://registry.npmjs.org/victory-candlestick/-/victory-candlestick-33.1.0.tgz",
      "integrity": "sha512-onmr+smsc2ORU81f5YHNLLHqCzwBJY2aUuS2w8qDDnTzuHmbjH5Jyb6877spTyWggNjs5YcNv/zvkXW2THK4CQ==",
      "requires": {
        "lodash": "^4.17.15",
        "prop-types": "^15.5.8",
        "victory-core": "^33.1.0"
      }
    },
    "victory-chart": {
      "version": "33.1.0",
      "resolved": "https://registry.npmjs.org/victory-chart/-/victory-chart-33.1.0.tgz",
      "integrity": "sha512-S+sy5xMkLWvBdS3KH5OJnDBOOOCC07tb1/KWEv1S/6K/y7BMSVyzgYCHsGJauj/ir07nPjiwCbfEEZyKCXjIyQ==",
      "requires": {
        "lodash": "^4.17.15",
        "prop-types": "^15.5.8",
        "react-fast-compare": "^2.0.0",
        "victory-axis": "^33.1.0",
        "victory-core": "^33.1.0",
        "victory-polar-axis": "^33.1.0",
        "victory-shared-events": "^33.1.0"
      }
    },
    "victory-core": {
      "version": "33.1.0",
      "resolved": "https://registry.npmjs.org/victory-core/-/victory-core-33.1.0.tgz",
      "integrity": "sha512-JiNbxuBBQUazOHVG9T+fUtVQygmPubzQ3UlC9QGX+rLIk4c3ISIQu6edApMbSmuaV16zSbcXwHcxdYuEvmyvow==",
      "requires": {
        "d3-ease": "^1.0.0",
        "d3-interpolate": "^1.1.1",
        "d3-scale": "^1.0.0",
        "d3-shape": "^1.2.0",
        "d3-timer": "^1.0.0",
        "lodash": "^4.17.15",
        "prop-types": "^15.5.8",
        "react-fast-compare": "^2.0.0"
      }
    },
    "victory-create-container": {
      "version": "33.1.1",
      "resolved": "https://registry.npmjs.org/victory-create-container/-/victory-create-container-33.1.1.tgz",
      "integrity": "sha512-M4cRC5rjtRcWqUCegc6CkPKL0CNM0SJwlp/kFG5qOv736P+u5wm883C6BevW7a+aOy6lbYgKRUH19Yboxcuydw==",
      "requires": {
        "lodash": "^4.17.15",
        "victory-brush-container": "^33.1.0",
        "victory-core": "^33.1.0",
        "victory-cursor-container": "^33.1.0",
        "victory-selection-container": "^33.1.0",
        "victory-voronoi-container": "^33.1.1",
        "victory-zoom-container": "^33.1.0"
      }
    },
    "victory-cursor-container": {
      "version": "33.1.0",
      "resolved": "https://registry.npmjs.org/victory-cursor-container/-/victory-cursor-container-33.1.0.tgz",
      "integrity": "sha512-PIOKteQLOC5/GJPtYCN4YufPKt0L/c8ajXc3SPRo0h4kv+eWU1v3l3mbf5vSYxtZsUefAh3jST18FBLwZrskow==",
      "requires": {
        "lodash": "^4.17.15",
        "prop-types": "^15.5.8",
        "victory-core": "^33.1.0"
      }
    },
    "victory-errorbar": {
      "version": "33.1.0",
      "resolved": "https://registry.npmjs.org/victory-errorbar/-/victory-errorbar-33.1.0.tgz",
      "integrity": "sha512-6o64FXsXrczQQEoan6woIFm/EyJxgfOd8uxdYQ7m5pCH65U6rSefMKFUB/dLjyz6vMV5rwt7Q0chnAtt3Zg82A==",
      "requires": {
        "lodash": "^4.17.15",
        "prop-types": "^15.5.8",
        "victory-core": "^33.1.0"
      }
    },
    "victory-group": {
      "version": "33.1.0",
      "resolved": "https://registry.npmjs.org/victory-group/-/victory-group-33.1.0.tgz",
      "integrity": "sha512-lI/Lv6AsyK3Dn6kjjLSt3N6ywiVnkqlyLZRMo6weW+qdkcTbSSVigQqzYrfoEnx2ZTM0jVxqARuu8iA5H0ONJQ==",
      "requires": {
        "lodash": "^4.17.15",
        "prop-types": "^15.5.8",
        "react-fast-compare": "^2.0.0",
        "victory-core": "^33.1.0"
      }
    },
    "victory-legend": {
      "version": "33.1.0",
      "resolved": "https://registry.npmjs.org/victory-legend/-/victory-legend-33.1.0.tgz",
      "integrity": "sha512-FZwl9o/DZVvmBAvpNQxpr9EwdRqFGICBXdTtsfQlPPYnXHRUhGbiwpYFOmuSGixnmu4imAtCKE+0svokxs8dVg==",
      "requires": {
        "lodash": "^4.17.15",
        "prop-types": "^15.5.8",
        "victory-core": "^33.1.0"
      }
    },
    "victory-line": {
      "version": "33.1.0",
      "resolved": "https://registry.npmjs.org/victory-line/-/victory-line-33.1.0.tgz",
      "integrity": "sha512-ld1VUJPMrJ04PbvviwPoXYyoYgA2HkqloLYS99iSX0+O8lmw6HfAz4dHqboSTYSrMqo8OaW3pTy8CltcqGzIZw==",
      "requires": {
        "d3-shape": "^1.2.0",
        "lodash": "^4.17.15",
        "prop-types": "^15.5.8",
        "victory-core": "^33.1.0"
      }
    },
    "victory-pie": {
      "version": "33.1.0",
      "resolved": "https://registry.npmjs.org/victory-pie/-/victory-pie-33.1.0.tgz",
      "integrity": "sha512-h+qd23myAF3CVOczGBqM+rBf+cXF7pibXUSy4tJDltdaLindnHY/70Y4WIrtCiCw5nM3aR9yn16TnlSd/nqMpQ==",
      "requires": {
        "d3-shape": "^1.0.0",
        "lodash": "^4.17.15",
        "prop-types": "^15.5.8",
        "victory-core": "^33.1.0"
      }
    },
    "victory-polar-axis": {
      "version": "33.1.0",
      "resolved": "https://registry.npmjs.org/victory-polar-axis/-/victory-polar-axis-33.1.0.tgz",
      "integrity": "sha512-mDYBvghGdHJni58uRarR3A09wZOogcs2EYmEUKCi1CrDQ3c7ZmXZl3j3R02CdKtnHLiJPZmZi+KHy9fEskRItA==",
      "requires": {
        "lodash": "^4.17.15",
        "prop-types": "^15.5.8",
        "victory-core": "^33.1.0"
      }
    },
    "victory-scatter": {
      "version": "33.1.0",
      "resolved": "https://registry.npmjs.org/victory-scatter/-/victory-scatter-33.1.0.tgz",
      "integrity": "sha512-xUzIPlTgSrd96vCTklAdAmR1gx9aZ+cywmF2wX9r4Mz5p1u7JFqNy0V767zZ+6A49i3Iy4L7QWfDBI2i3YugLQ==",
      "requires": {
        "lodash": "^4.17.15",
        "prop-types": "^15.5.8",
        "victory-core": "^33.1.0"
      }
    },
    "victory-selection-container": {
      "version": "33.1.0",
      "resolved": "https://registry.npmjs.org/victory-selection-container/-/victory-selection-container-33.1.0.tgz",
      "integrity": "sha512-iNtEdRPl1wEeUfcxxLRpU0UwgT7cES09dkBmZESdNXydFwhhLUuFBYw2lEIO+bZj7P9j4HFGoqJjH9+q7rE04A==",
      "requires": {
        "lodash": "^4.17.15",
        "prop-types": "^15.5.8",
        "victory-core": "^33.1.0"
      }
    },
    "victory-shared-events": {
      "version": "33.1.0",
      "resolved": "https://registry.npmjs.org/victory-shared-events/-/victory-shared-events-33.1.0.tgz",
      "integrity": "sha512-mI80VA9pUlpW4wzdBHPQd6bzlbDK3+7aom9iQuwQq/5XKAAmcYINyL6921Ml+suNo2VC0vg9nC4IYcLjrYBkFQ==",
      "requires": {
        "lodash": "^4.17.15",
        "prop-types": "^15.5.8",
        "react-fast-compare": "^2.0.0",
        "victory-core": "^33.1.0"
      }
    },
    "victory-stack": {
      "version": "33.1.0",
      "resolved": "https://registry.npmjs.org/victory-stack/-/victory-stack-33.1.0.tgz",
      "integrity": "sha512-kD78gMpuRqqA1K63Myvoj2qrhYSnGAUV4Vv1RMJhnlFmyBri3Eww9KokVUfxCbAxWeuK4ykvTAeM4AD+byEmcw==",
      "requires": {
        "lodash": "^4.17.15",
        "prop-types": "^15.5.8",
        "react-fast-compare": "^2.0.0",
        "victory-core": "^33.1.0"
      }
    },
    "victory-tooltip": {
      "version": "33.1.0",
      "resolved": "https://registry.npmjs.org/victory-tooltip/-/victory-tooltip-33.1.0.tgz",
      "integrity": "sha512-bWrBvkd4NTmJzt+H5GCAkRguhvIvAfwms2yPFZVygXIEJR324k45G+m54ATTVjnPzN4JZzmyzqq9XUreYXMB4A==",
      "requires": {
        "lodash": "^4.17.15",
        "prop-types": "^15.5.8",
        "victory-core": "^33.1.0"
      }
    },
    "victory-voronoi": {
      "version": "33.1.0",
      "resolved": "https://registry.npmjs.org/victory-voronoi/-/victory-voronoi-33.1.0.tgz",
      "integrity": "sha512-mDx8ylDpk786pccVzEplJkSsSOvBM0E8mFypfx/yGYDeIRvHdDTuGVHN3YmPl+mZM8mZ3sGzMx4IJPRkS6pdtg==",
      "requires": {
        "d3-voronoi": "^1.1.2",
        "lodash": "^4.17.15",
        "prop-types": "^15.5.8",
        "victory-core": "^33.1.0"
      }
    },
    "victory-voronoi-container": {
      "version": "33.1.1",
      "resolved": "https://registry.npmjs.org/victory-voronoi-container/-/victory-voronoi-container-33.1.1.tgz",
      "integrity": "sha512-oZtOmF1ODQWmkXgOU3XnR1frEB8ZJaEwIWc1fQVpnmAXhXD4k6a2/B0w9DanHWk2KgcMkmP2c0zriGeSgmNj4Q==",
      "requires": {
        "delaunay-find": "0.0.4",
        "lodash": "^4.17.15",
        "prop-types": "^15.5.8",
        "victory-core": "^33.1.0",
        "victory-tooltip": "^33.1.0"
      }
    },
    "victory-zoom-container": {
      "version": "33.1.0",
      "resolved": "https://registry.npmjs.org/victory-zoom-container/-/victory-zoom-container-33.1.0.tgz",
      "integrity": "sha512-CPAxLHnuC4FzmIwA24mNK+VfwWjK8tYwFf+TnKWxV70zoL6lho2eAmbF88QPJGAsav+xCl0bT8/uZNTn7PU7lw==",
      "requires": {
        "lodash": "^4.17.15",
        "prop-types": "^15.5.8",
        "victory-core": "^33.1.0"
      }
    }
  }
}
